# This file is automatically @generated by Cargo.
# It is not intended for manual editing.
version = 4

[[package]]
name = "arrayvec"
version = "0.7.2"
source = "registry+https://github.com/rust-lang/crates.io-index"
checksum = "8da52d66c7071e2e3fa2a1e5c6d088fec47b593032b254f5e980de8ea54454d6"

[[package]]
name = "bare-metal"
version = "0.2.5"
source = "registry+https://github.com/rust-lang/crates.io-index"
checksum = "5deb64efa5bd81e31fcd1938615a6d98c82eafcbcd787162b6f63b91d6bac5b3"
dependencies = [
 "rustc_version",
]

[[package]]
name = "bitfield"
version = "0.13.2"
source = "registry+https://github.com/rust-lang/crates.io-index"
checksum = "46afbd2983a5d5a7bd740ccb198caf5b82f45c40c09c0eed36052d91cb92e719"

[[package]]
name = "bitfield"
version = "0.14.0"
source = "registry+https://github.com/rust-lang/crates.io-index"
checksum = "2d7e60934ceec538daadb9d8432424ed043a904d8e0243f3c6446bce549a46ac"

[[package]]
name = "bitflags"
version = "1.3.2"
source = "registry+https://github.com/rust-lang/crates.io-index"
checksum = "bef38d45163c2f1dde094a7dfd33ccf595c92905c8f8f4fdc18d06fb1037718a"

[[package]]
name = "bytemuck"
version = "1.12.3"
source = "registry+https://github.com/rust-lang/crates.io-index"
checksum = "aaa3a8d9a1ca92e282c96a32d6511b695d7d994d1d102ba85d279f9b2756947f"

[[package]]
name = "byteorder"
version = "1.5.0"
source = "registry+https://github.com/rust-lang/crates.io-index"
checksum = "1fd0f2584146f6f2ef48085050886acf353beff7305ebd1ae69500e27c67f64b"

[[package]]
name = "cortex-m"
version = "0.7.6"
source = "registry+https://github.com/rust-lang/crates.io-index"
checksum = "70858629a458fdfd39f9675c4dc309411f2a3f83bede76988d81bf1a0ecee9e0"
dependencies = [
 "bare-metal",
 "bitfield 0.13.2",
 "embedded-hal 0.2.7",
 "volatile-register",
]

[[package]]
name = "cortex-m-rt"
version = "0.7.5"
source = "registry+https://github.com/rust-lang/crates.io-index"
checksum = "801d4dec46b34c299ccf6b036717ae0fce602faa4f4fe816d9013b9a7c9f5ba6"
dependencies = [
 "cortex-m-rt-macros",
]

[[package]]
name = "cortex-m-rt-macros"
version = "0.7.5"
source = "registry+https://github.com/rust-lang/crates.io-index"
checksum = "e37549a379a9e0e6e576fd208ee60394ccb8be963889eebba3ffe0980364f472"
dependencies = [
 "proc-macro2",
 "quote",
 "syn 2.0.90",
]

[[package]]
name = "crc-any"
version = "2.4.3"
source = "registry+https://github.com/rust-lang/crates.io-index"
checksum = "774646b687f63643eb0f4bf13dc263cb581c8c9e57973b6ddf78bda3994d88df"
dependencies = [
 "debug-helper",
]

[[package]]
name = "critical-section"
version = "1.1.1"
source = "registry+https://github.com/rust-lang/crates.io-index"
checksum = "6548a0ad5d2549e111e1f6a11a6c2e2d00ce6a3dafe22948d67c2b443f775e52"

[[package]]
name = "debug-helper"
version = "0.3.13"
source = "registry+https://github.com/rust-lang/crates.io-index"
checksum = "f578e8e2c440e7297e008bb5486a3a8a194775224bbc23729b0dbdfaeebf162e"

[[package]]
name = "defmt"
version = "0.3.10"
source = "registry+https://github.com/rust-lang/crates.io-index"
checksum = "86f6162c53f659f65d00619fe31f14556a6e9f8752ccc4a41bd177ffcf3d6130"
dependencies = [
 "bitflags",
 "defmt-macros",
]

[[package]]
name = "defmt-macros"
version = "0.4.0"
source = "registry+https://github.com/rust-lang/crates.io-index"
checksum = "9d135dd939bad62d7490b0002602d35b358dce5fd9233a709d3c1ef467d4bde6"
dependencies = [
 "defmt-parser",
 "proc-macro-error2",
 "proc-macro2",
 "quote",
 "syn 2.0.90",
]

[[package]]
name = "defmt-parser"
version = "0.4.1"
source = "registry+https://github.com/rust-lang/crates.io-index"
checksum = "3983b127f13995e68c1e29071e5d115cd96f215ccb5e6812e3728cd6f92653b3"
dependencies = [
 "thiserror",
]

[[package]]
name = "defmt-rtt"
version = "0.4.1"
source = "registry+https://github.com/rust-lang/crates.io-index"
checksum = "bab697b3dbbc1750b7c8b821aa6f6e7f2480b47a99bc057a2ed7b170ebef0c51"
dependencies = [
 "critical-section",
 "defmt",
]

[[package]]
name = "either"
version = "1.8.0"
source = "registry+https://github.com/rust-lang/crates.io-index"
checksum = "90e5c1c8368803113bf0c9584fc495a58b86dc8a29edbf8fe877d21d9507e797"

[[package]]
name = "embedded-dma"
version = "0.2.0"
source = "registry+https://github.com/rust-lang/crates.io-index"
checksum = "994f7e5b5cb23521c22304927195f236813053eb9c065dd2226a32ba64695446"
dependencies = [
 "stable_deref_trait",
]

[[package]]
name = "embedded-hal"
version = "0.2.7"
source = "registry+https://github.com/rust-lang/crates.io-index"
checksum = "35949884794ad573cf46071e41c9b60efb0cb311e3ca01f7af807af1debc66ff"
dependencies = [
 "nb 0.1.3",
 "void",
]

[[package]]
name = "embedded-hal"
version = "1.0.0"
source = "registry+https://github.com/rust-lang/crates.io-index"
checksum = "361a90feb7004eca4019fb28352a9465666b24f840f5c3cddf0ff13920590b89"

[[package]]
name = "embedded-hal-async"
version = "1.0.0"
source = "registry+https://github.com/rust-lang/crates.io-index"
checksum = "0c4c685bbef7fe13c3c6dd4da26841ed3980ef33e841cddfa15ce8a8fb3f1884"
dependencies = [
 "embedded-hal 1.0.0",
]

[[package]]
name = "embedded-hal-nb"
version = "1.0.0"
source = "registry+https://github.com/rust-lang/crates.io-index"
checksum = "fba4268c14288c828995299e59b12babdbe170f6c6d73731af1b4648142e8605"
dependencies = [
 "embedded-hal 1.0.0",
 "nb 1.0.0",
]

[[package]]
name = "embedded-io"
version = "0.6.1"
source = "registry+https://github.com/rust-lang/crates.io-index"
checksum = "edd0f118536f44f5ccd48bcb8b111bdc3de888b58c74639dfb034a357d0f206d"

[[package]]
name = "frunk"
version = "0.4.3"
source = "registry+https://github.com/rust-lang/crates.io-index"
checksum = "874b6a17738fc273ec753618bac60ddaeac48cb1d7684c3e7bd472e57a28b817"
dependencies = [
 "frunk_core",
 "frunk_derives",
]

[[package]]
name = "frunk_core"
version = "0.4.3"
source = "registry+https://github.com/rust-lang/crates.io-index"
checksum = "3529a07095650187788833d585c219761114005d5976185760cf794d265b6a5c"

[[package]]
name = "frunk_derives"
version = "0.4.3"
source = "registry+https://github.com/rust-lang/crates.io-index"
checksum = "e99b8b3c28ae0e84b604c75f721c21dc77afb3706076af5e8216d15fd1deaae3"
dependencies = [
 "frunk_proc_macro_helpers",
 "quote",
 "syn 2.0.90",
]

[[package]]
name = "frunk_proc_macro_helpers"
version = "0.1.3"
source = "registry+https://github.com/rust-lang/crates.io-index"
checksum = "05a956ef36c377977e512e227dcad20f68c2786ac7a54dacece3746046fea5ce"
dependencies = [
 "frunk_core",
 "proc-macro2",
 "quote",
 "syn 2.0.90",
]

[[package]]
name = "fugit"
version = "0.3.7"
source = "registry+https://github.com/rust-lang/crates.io-index"
checksum = "17186ad64927d5ac8f02c1e77ccefa08ccd9eaa314d5a4772278aa204a22f7e7"
dependencies = [
 "gcd",
]

[[package]]
name = "gcd"
version = "2.2.0"
source = "registry+https://github.com/rust-lang/crates.io-index"
checksum = "a4b1b088ad0a967aa29540456b82fc8903f854775d33f71e9709c4efb3dfbfd2"

[[package]]
name = "hash32"
version = "0.3.1"
source = "registry+https://github.com/rust-lang/crates.io-index"
checksum = "47d60b12902ba28e2730cd37e95b8c9223af2808df9e902d4df49588d1470606"
dependencies = [
 "byteorder",
]

[[package]]
name = "heapless"
version = "0.8.0"
source = "registry+https://github.com/rust-lang/crates.io-index"
checksum = "0bfb9eb618601c89945a70e254898da93b13be0388091d42117462b265bb3fad"
dependencies = [
 "hash32",
 "stable_deref_trait",
]

[[package]]
name = "itertools"
version = "0.10.5"
source = "registry+https://github.com/rust-lang/crates.io-index"
checksum = "b0fd2260e829bddf4cb6ea802289de2f86d6a7a690192fbe91b3f46e0f2c8473"
dependencies = [
 "either",
]

[[package]]
name = "micromath"
version = "2.1.0"
source = "registry+https://github.com/rust-lang/crates.io-index"
checksum = "c3c8dda44ff03a2f238717214da50f65d5a53b45cd213a7370424ffdb6fae815"

[[package]]
name = "nb"
version = "0.1.3"
source = "registry+https://github.com/rust-lang/crates.io-index"
checksum = "801d31da0513b6ec5214e9bf433a77966320625a37860f910be265be6e18d06f"
dependencies = [
 "nb 1.0.0",
]

[[package]]
name = "nb"
version = "1.0.0"
source = "registry+https://github.com/rust-lang/crates.io-index"
checksum = "546c37ac5d9e56f55e73b677106873d9d9f5190605e41a856503623648488cae"

[[package]]
name = "num_enum"
version = "0.5.7"
source = "registry+https://github.com/rust-lang/crates.io-index"
checksum = "cf5395665662ef45796a4ff5486c5d41d29e0c09640af4c5f17fd94ee2c119c9"
dependencies = [
 "num_enum_derive",
]

[[package]]
name = "num_enum_derive"
version = "0.5.7"
source = "registry+https://github.com/rust-lang/crates.io-index"
checksum = "3b0498641e53dd6ac1a4f22547548caa6864cc4933784319cd1775271c5a46ce"
dependencies = [
 "proc-macro2",
 "quote",
 "syn 1.0.105",
]

[[package]]
name = "panic-halt"
version = "1.0.0"
source = "registry+https://github.com/rust-lang/crates.io-index"
checksum = "a513e167849a384b7f9b746e517604398518590a9142f4846a32e3c2a4de7b11"

[[package]]
name = "panic-probe"
version = "0.3.2"
source = "registry+https://github.com/rust-lang/crates.io-index"
checksum = "4047d9235d1423d66cc97da7d07eddb54d4f154d6c13805c6d0793956f4f25b0"
dependencies = [
 "cortex-m",
 "defmt",
]

[[package]]
name = "paste"
version = "1.0.9"
source = "registry+https://github.com/rust-lang/crates.io-index"
checksum = "b1de2e551fb905ac83f73f7aedf2f0cb4a0da7e35efa24a202a936269f1f18e1"

[[package]]
name = "pio"
version = "0.2.0"
source = "registry+https://github.com/rust-lang/crates.io-index"
checksum = "0fd642eada42517e6589cd7f5e830630324aec628fb4aa719000f8801e40c0a2"
dependencies = [
 "arrayvec",
 "num_enum",
 "paste",
]

[[package]]
name = "portable-atomic"
version = "1.10.0"
source = "registry+https://github.com/rust-lang/crates.io-index"
checksum = "280dc24453071f1b63954171985a0b0d30058d287960968b9b2aca264c8d4ee6"

[[package]]
name = "proc-macro-error-attr2"
version = "2.0.0"
source = "registry+https://github.com/rust-lang/crates.io-index"
checksum = "96de42df36bb9bba5542fe9f1a054b8cc87e172759a1868aa05c1f3acc89dfc5"
dependencies = [
 "proc-macro2",
 "quote",
]

[[package]]
name = "proc-macro-error2"
version = "2.0.1"
source = "registry+https://github.com/rust-lang/crates.io-index"
checksum = "11ec05c52be0a07b08061f7dd003e7d7092e0472bc731b4af7bb1ef876109802"
dependencies = [
 "proc-macro-error-attr2",
 "proc-macro2",
 "quote",
 "syn 2.0.90",
]

[[package]]
name = "proc-macro2"
version = "1.0.92"
source = "registry+https://github.com/rust-lang/crates.io-index"
checksum = "37d3544b3f2748c54e147655edb5025752e2303145b5aefb3c3ea2c78b973bb0"
dependencies = [
 "unicode-ident",
]

[[package]]
name = "quote"
version = "1.0.37"
source = "registry+https://github.com/rust-lang/crates.io-index"
checksum = "b5b9d34b8991d19d98081b46eacdd8eb58c6f2b201139f7c5f643cc155a633af"
dependencies = [
 "proc-macro2",
]

[[package]]
name = "rand_core"
version = "0.6.4"
source = "registry+https://github.com/rust-lang/crates.io-index"
checksum = "ec0be4795e2f6a28069bec0b5ff3e2ac9bafc99e6a9a7dc3547996c5c816922c"

[[package]]
name = "rgb"
version = "0.8.34"
source = "registry+https://github.com/rust-lang/crates.io-index"
checksum = "3603b7d71ca82644f79b5a06d1220e9a58ede60bd32255f698cb1af8838b8db3"
dependencies = [
 "bytemuck",
]

[[package]]
name = "rp-pico"
version = "0.9.0"
source = "registry+https://github.com/rust-lang/crates.io-index"
checksum = "b9342d3ac7011ac688300979e9b52a81f0add1d05feb02868cf94bfee0705b28"
dependencies = [
 "cortex-m-rt",
 "fugit",
 "rp2040-boot2",
 "rp2040-hal",
 "usb-device",
]

[[package]]
name = "rp2040-boot2"
version = "0.3.0"
source = "registry+https://github.com/rust-lang/crates.io-index"
checksum = "7c92f344f63f950ee36cf4080050e4dce850839b9175da38f9d2ffb69b4dbb21"
dependencies = [
 "crc-any",
]

[[package]]
name = "rp2040-hal"
version = "0.10.2"
source = "registry+https://github.com/rust-lang/crates.io-index"
checksum = "d11e711940087f2cdff8aeae9f4b902e2014c06a00b39a1092686b81ec973d6f"
dependencies = [
 "bitfield 0.14.0",
 "cortex-m",
 "critical-section",
 "embedded-dma",
 "embedded-hal 0.2.7",
 "embedded-hal 1.0.0",
 "embedded-hal-async",
 "embedded-hal-nb",
 "embedded-io",
 "frunk",
 "fugit",
 "itertools",
 "nb 1.0.0",
 "paste",
 "pio",
 "rand_core",
 "rp2040-hal-macros",
 "rp2040-pac",
 "usb-device",
 "vcell",
 "void",
]

[[package]]
name = "rp2040-hal-macros"
version = "0.1.0"
source = "registry+https://github.com/rust-lang/crates.io-index"
checksum = "86479063e497efe1ae81995ef9071f54fd1c7427e04d6c5b84cde545ff672a5e"
dependencies = [
 "cortex-m-rt",
 "proc-macro2",
 "quote",
 "syn 1.0.105",
]

[[package]]
name = "rp2040-pac"
version = "0.6.0"
source = "registry+https://github.com/rust-lang/crates.io-index"
checksum = "83cbcd3f7a0ca7bbe61dc4eb7e202842bee4e27b769a7bf3a4a72fa399d6e404"
dependencies = [
 "cortex-m",
 "cortex-m-rt",
 "critical-section",
 "vcell",
]

[[package]]
name = "rust-xiao"
version = "0.1.0"
dependencies = [
 "cortex-m",
 "cortex-m-rt",
 "defmt",
 "defmt-rtt",
 "embedded-hal 1.0.0",
 "micromath",
 "panic-halt",
 "panic-probe",
 "rp-pico",
 "smart-leds",
 "ws2812-pio",
]

[[package]]
name = "rustc_version"
version = "0.2.3"
source = "registry+https://github.com/rust-lang/crates.io-index"
checksum = "138e3e0acb6c9fb258b19b67cb8abd63c00679d2851805ea151465464fe9030a"
dependencies = [
 "semver",
]

[[package]]
name = "semver"
version = "0.9.0"
source = "registry+https://github.com/rust-lang/crates.io-index"
checksum = "1d7eb9ef2c18661902cc47e535f9bc51b78acd254da71d375c2f6720d9a40403"
dependencies = [
 "semver-parser",
]

[[package]]
name = "semver-parser"
version = "0.7.0"
source = "registry+https://github.com/rust-lang/crates.io-index"
checksum = "388a1df253eca08550bef6c72392cfe7c30914bf41df5269b68cbd6ff8f570a3"

[[package]]
name = "smart-leds"
version = "0.3.0"
source = "registry+https://github.com/rust-lang/crates.io-index"
checksum = "38dd45fa275f70b4110eac5f5182611ad384f88bb22b68b9a9c3cafd7015290b"
dependencies = [
 "smart-leds-trait",
]

[[package]]
name = "smart-leds-trait"
version = "0.2.1"
source = "registry+https://github.com/rust-lang/crates.io-index"
checksum = "ebf6d833fa93f16a1c1874e62c2aebe8567e5bdd436d59bf543ed258b6f7a8e3"
dependencies = [
 "rgb",
]

[[package]]
name = "stable_deref_trait"
version = "1.2.0"
source = "registry+https://github.com/rust-lang/crates.io-index"
checksum = "a8f112729512f8e442d81f95a8a7ddf2b7c6b8a1a6f509a95864142b30cab2d3"

[[package]]
name = "syn"
version = "1.0.105"
source = "registry+https://github.com/rust-lang/crates.io-index"
checksum = "60b9b43d45702de4c839cb9b51d9f529c5dd26a4aff255b42b1ebc03e88ee908"
dependencies = [
 "proc-macro2",
 "quote",
 "unicode-ident",
]

[[package]]
name = "syn"
version = "2.0.90"
source = "registry+https://github.com/rust-lang/crates.io-index"
checksum = "919d3b74a5dd0ccd15aeb8f93e7006bd9e14c295087c9896a110f490752bcf31"
dependencies = [
 "proc-macro2",
 "quote",
 "unicode-ident",
]

[[package]]
name = "thiserror"
version = "2.0.6"
source = "registry+https://github.com/rust-lang/crates.io-index"
checksum = "8fec2a1820ebd077e2b90c4df007bebf344cd394098a13c563957d0afc83ea47"
dependencies = [
 "thiserror-impl",
]

[[package]]
name = "thiserror-impl"
version = "2.0.6"
source = "registry+https://github.com/rust-lang/crates.io-index"
checksum = "d65750cab40f4ff1929fb1ba509e9914eb756131cef4210da8d5d700d26f6312"
dependencies = [
 "proc-macro2",
 "quote",
 "syn 2.0.90",
]

[[package]]
name = "unicode-ident"
version = "1.0.5"
source = "registry+https://github.com/rust-lang/crates.io-index"
checksum = "6ceab39d59e4c9499d4e5a8ee0e2735b891bb7308ac83dfb4e80cad195c9f6f3"

[[package]]
name = "usb-device"
version = "0.3.2"
source = "registry+https://github.com/rust-lang/crates.io-index"
checksum = "98816b1accafbb09085168b90f27e93d790b4bfa19d883466b5e53315b5f06a6"
dependencies = [
 "heapless",
 "portable-atomic",
]

[[package]]
name = "vcell"
version = "0.1.3"
source = "registry+https://github.com/rust-lang/crates.io-index"
checksum = "77439c1b53d2303b20d9459b1ade71a83c716e3f9c34f3228c00e6f185d6c002"

[[package]]
name = "void"
version = "1.0.2"
source = "registry+https://github.com/rust-lang/crates.io-index"
checksum = "6a02e4885ed3bc0f2de90ea6dd45ebcbb66dacffe03547fadbb0eeae2770887d"

[[package]]
name = "volatile-register"
version = "0.2.1"
source = "registry+https://github.com/rust-lang/crates.io-index"
checksum = "9ee8f19f9d74293faf70901bc20ad067dc1ad390d2cbf1e3f75f721ffee908b6"
dependencies = [
 "vcell",
]

[[package]]
name = "ws2812-pio"
version = "0.8.0"
source = "registry+https://github.com/rust-lang/crates.io-index"
checksum = "0b83a4e0ef584cbb06c6e3ee8421fa99556eef26e14fa72be77588675e874868"
dependencies = [
 "cortex-m",
 "embedded-hal 0.2.7",
 "fugit",
 "nb 1.0.0",
 "pio",
 "rp2040-hal",
 "smart-leds-trait",
]
